
Microsoft Visual Studio Solution File, Format Version 12.00
# Visual Studio Version 16
VisualStudioVersion = 16.0.29424.173
MinimumVisualStudioVersion = 10.0.40219.1
Project("{FAE04EC0-301F-11D3-BF4B-00C04F79EFBC}") = "SportsStore", "SportsStore\SportsStore.csproj", "{0ADF15E1-FF23-4C9B-A52C-F27722792B09}"
EndProject
Global
	GlobalSection(SolutionConfigurationPlatforms) = preSolution
		Debug|Any CPU = Debug|Any CPU
		Release|Any CPU = Release|Any CPU
	EndGlobalSection
	GlobalSection(ProjectConfigurationPlatforms) = postSolution
		{0ADF15E1-FF23-4C9B-A52C-F27722792B09}.Debug|Any CPU.ActiveCfg = Debug|Any CPU
		{0ADF15E1-FF23-4C9B-A52C-F27722792B09}.Debug|Any CPU.Build.0 = Debug|Any CPU
		{0ADF15E1-FF23-4C9B-A52C-F27722792B09}.Release|Any CPU.ActiveCfg = Release|Any CPU
		{0ADF15E1-FF23-4C9B-A52C-F27722792B09}.Release|Any CPU.Build.0 = Release|Any CPU
	EndGlobalSection
	GlobalSection(SolutionProperties) = preSolution
		HideSolutionNode = FALSE
	EndGlobalSection
	GlobalSection(ExtensibilityGlobals) = postSolution
		SolutionGuid = {1CBFF501-930F-4B07-831E-5D5B9186B9EB}
	EndGlobalSection
EndGlobal
